
Microsoft Visual Studio Solution File, Format Version 12.00
# Visual Studio Version 17
VisualStudioVersion = 17.5.002.0
MinimumVisualStudioVersion = 10.0.40219.1
Project("{9A19103F-16F7-4668-BE54-9A1E7A4F7556}") = "Backend", "Backend.csproj", "{B358AED8-65B4-4612-95FA-12D39BEE8999}"
EndProject
Global
	GlobalSection(SolutionConfigurationPlatforms) = preSolution
		Debug|Any CPU = Debug|Any CPU
		Release|Any CPU = Release|Any CPU
	EndGlobalSection
	GlobalSection(ProjectConfigurationPlatforms) = postSolution
		{B358AED8-65B4-4612-95FA-12D39BEE8999}.Debug|Any CPU.ActiveCfg = Debug|Any CPU
		{B358AED8-65B4-4612-95FA-12D39BEE8999}.Debug|Any CPU.Build.0 = Debug|Any CPU
		{B358AED8-65B4-4612-95FA-12D39BEE8999}.Release|Any CPU.ActiveCfg = Release|Any CPU
		{B358AED8-65B4-4612-95FA-12D39BEE8999}.Release|Any CPU.Build.0 = Release|Any CPU
	EndGlobalSection
	GlobalSection(SolutionProperties) = preSolution
		HideSolutionNode = FALSE
	EndGlobalSection
	GlobalSection(ExtensibilityGlobals) = postSolution
		SolutionGuid = {AE18C1C7-402E-4199-8284-2D016AE67CE6}
	EndGlobalSection
EndGlobal
